
Microsoft Visual Studio Solution File, Format Version 12.00
# Visual Studio Version 16
VisualStudioVersion = 16.0.30907.101
MinimumVisualStudioVersion = 10.0.40219.1
Project("{FAE04EC0-301F-11D3-BF4B-00C04F79EFBC}") = "Roulette.Core", "Roulette.Core\Roulette.Core.csproj", "{B4807EE7-E00D-480B-BC51-8E7AC7989398}"
EndProject
Project("{FAE04EC0-301F-11D3-BF4B-00C04F79EFBC}") = "Roulette.Data", "Roulette.Data\Roulette.Data.csproj", "{5AFFEFBA-06DF-42DE-AB95-425E0B3B9338}"
EndProject
Project("{FAE04EC0-301F-11D3-BF4B-00C04F79EFBC}") = "Roulette.UI", "Roulette.UI\Roulette.UI.csproj", "{DCC0661F-F4CC-4D22-AD3A-11143E4DE444}"
EndProject
Project("{FAE04EC0-301F-11D3-BF4B-00C04F79EFBC}") = "Roulette.UI.Console", "Roulette.UI.Console\Roulette.UI.Console.csproj", "{D11F14CE-7BC6-47C7-ACB0-985123D51395}"
EndProject
Project("{FAE04EC0-301F-11D3-BF4B-00C04F79EFBC}") = "Roulette.Tests", "Roulette.Tests\Roulette.Tests.csproj", "{60B4C6C6-12F4-4860-8445-13295B8473F8}"
EndProject
Global
	GlobalSection(SolutionConfigurationPlatforms) = preSolution
		Debug|Any CPU = Debug|Any CPU
		Release|Any CPU = Release|Any CPU
	EndGlobalSection
	GlobalSection(ProjectConfigurationPlatforms) = postSolution
		{B4807EE7-E00D-480B-BC51-8E7AC7989398}.Debug|Any CPU.ActiveCfg = Debug|Any CPU
		{B4807EE7-E00D-480B-BC51-8E7AC7989398}.Debug|Any CPU.Build.0 = Debug|Any CPU
		{B4807EE7-E00D-480B-BC51-8E7AC7989398}.Release|Any CPU.ActiveCfg = Release|Any CPU
		{B4807EE7-E00D-480B-BC51-8E7AC7989398}.Release|Any CPU.Build.0 = Release|Any CPU
		{5AFFEFBA-06DF-42DE-AB95-425E0B3B9338}.Debug|Any CPU.ActiveCfg = Debug|Any CPU
		{5AFFEFBA-06DF-42DE-AB95-425E0B3B9338}.Debug|Any CPU.Build.0 = Debug|Any CPU
		{5AFFEFBA-06DF-42DE-AB95-425E0B3B9338}.Release|Any CPU.ActiveCfg = Release|Any CPU
		{5AFFEFBA-06DF-42DE-AB95-425E0B3B9338}.Release|Any CPU.Build.0 = Release|Any CPU
		{DCC0661F-F4CC-4D22-AD3A-11143E4DE444}.Debug|Any CPU.ActiveCfg = Debug|Any CPU
		{DCC0661F-F4CC-4D22-AD3A-11143E4DE444}.Debug|Any CPU.Build.0 = Debug|Any CPU
		{DCC0661F-F4CC-4D22-AD3A-11143E4DE444}.Release|Any CPU.ActiveCfg = Release|Any CPU
		{DCC0661F-F4CC-4D22-AD3A-11143E4DE444}.Release|Any CPU.Build.0 = Release|Any CPU
		{D11F14CE-7BC6-47C7-ACB0-985123D51395}.Debug|Any CPU.ActiveCfg = Debug|Any CPU
		{D11F14CE-7BC6-47C7-ACB0-985123D51395}.Debug|Any CPU.Build.0 = Debug|Any CPU
		{D11F14CE-7BC6-47C7-ACB0-985123D51395}.Release|Any CPU.ActiveCfg = Release|Any CPU
		{D11F14CE-7BC6-47C7-ACB0-985123D51395}.Release|Any CPU.Build.0 = Release|Any CPU
		{60B4C6C6-12F4-4860-8445-13295B8473F8}.Debug|Any CPU.ActiveCfg = Debug|Any CPU
		{60B4C6C6-12F4-4860-8445-13295B8473F8}.Debug|Any CPU.Build.0 = Debug|Any CPU
		{60B4C6C6-12F4-4860-8445-13295B8473F8}.Release|Any CPU.ActiveCfg = Release|Any CPU
		{60B4C6C6-12F4-4860-8445-13295B8473F8}.Release|Any CPU.Build.0 = Release|Any CPU
	EndGlobalSection
	GlobalSection(SolutionProperties) = preSolution
		HideSolutionNode = FALSE
	EndGlobalSection
	GlobalSection(ExtensibilityGlobals) = postSolution
		SolutionGuid = {336AF8C2-3C60-477C-A9EB-3CEFECFFC075}
	EndGlobalSection
EndGlobal
